
Microsoft Visual Studio Solution File, Format Version 12.00
# Visual Studio Version 16
VisualStudioVersion = 16.0.31424.327
MinimumVisualStudioVersion = 10.0.40219.1
Project("{FAE04EC0-301F-11D3-BF4B-00C04F79EFBC}") = "UserMaintenance", "UserMaintenance\UserMaintenance.csproj", "{0B5E53E8-54B8-45C9-9625-FB8D186118C4}"
EndProject
Project("{FAE04EC0-301F-11D3-BF4B-00C04F79EFBC}") = "week04", "week04\week04.csproj", "{A6F17DA1-51FE-464C-A09C-ECA499A479DC}"
EndProject
Project("{FAE04EC0-301F-11D3-BF4B-00C04F79EFBC}") = "week05", "week05\week05.csproj", "{F76D842B-99FF-4445-834F-42BE88EB581C}"
EndProject
Project("{FAE04EC0-301F-11D3-BF4B-00C04F79EFBC}") = "week06", "week06\week06.csproj", "{2D8B4D7D-C746-4D8D-8C36-72CC1D2F7C77}"
EndProject
Global
	GlobalSection(SolutionConfigurationPlatforms) = preSolution
		Debug|Any CPU = Debug|Any CPU
		Release|Any CPU = Release|Any CPU
	EndGlobalSection
	GlobalSection(ProjectConfigurationPlatforms) = postSolution
		{0B5E53E8-54B8-45C9-9625-FB8D186118C4}.Debug|Any CPU.ActiveCfg = Debug|Any CPU
		{0B5E53E8-54B8-45C9-9625-FB8D186118C4}.Debug|Any CPU.Build.0 = Debug|Any CPU
		{0B5E53E8-54B8-45C9-9625-FB8D186118C4}.Release|Any CPU.ActiveCfg = Release|Any CPU
		{0B5E53E8-54B8-45C9-9625-FB8D186118C4}.Release|Any CPU.Build.0 = Release|Any CPU
		{A6F17DA1-51FE-464C-A09C-ECA499A479DC}.Debug|Any CPU.ActiveCfg = Debug|Any CPU
		{A6F17DA1-51FE-464C-A09C-ECA499A479DC}.Debug|Any CPU.Build.0 = Debug|Any CPU
		{A6F17DA1-51FE-464C-A09C-ECA499A479DC}.Release|Any CPU.ActiveCfg = Release|Any CPU
		{A6F17DA1-51FE-464C-A09C-ECA499A479DC}.Release|Any CPU.Build.0 = Release|Any CPU
		{F76D842B-99FF-4445-834F-42BE88EB581C}.Debug|Any CPU.ActiveCfg = Debug|Any CPU
		{F76D842B-99FF-4445-834F-42BE88EB581C}.Debug|Any CPU.Build.0 = Debug|Any CPU
		{F76D842B-99FF-4445-834F-42BE88EB581C}.Release|Any CPU.ActiveCfg = Release|Any CPU
		{F76D842B-99FF-4445-834F-42BE88EB581C}.Release|Any CPU.Build.0 = Release|Any CPU
		{2D8B4D7D-C746-4D8D-8C36-72CC1D2F7C77}.Debug|Any CPU.ActiveCfg = Debug|Any CPU
		{2D8B4D7D-C746-4D8D-8C36-72CC1D2F7C77}.Debug|Any CPU.Build.0 = Debug|Any CPU
		{2D8B4D7D-C746-4D8D-8C36-72CC1D2F7C77}.Release|Any CPU.ActiveCfg = Release|Any CPU
		{2D8B4D7D-C746-4D8D-8C36-72CC1D2F7C77}.Release|Any CPU.Build.0 = Release|Any CPU
	EndGlobalSection
	GlobalSection(SolutionProperties) = preSolution
		HideSolutionNode = FALSE
	EndGlobalSection
	GlobalSection(ExtensibilityGlobals) = postSolution
		SolutionGuid = {1DEF419D-A76E-4275-8DAF-3D3716F4D71B}
	EndGlobalSection
EndGlobal
